
Microsoft Visual Studio Solution File, Format Version 12.00
# Visual Studio 15
VisualStudioVersion = 15.0.27428.2027
MinimumVisualStudioVersion = 10.0.40219.1
Project("{FAE04EC0-301F-11D3-BF4B-00C04F79EFBC}") = "SvoxBot", "SvoxBot\SvoxBot.csproj", "{95371DD0-A6EF-4496-BB71-FE8A8240EFA1}"
EndProject
Global
	GlobalSection(SolutionConfigurationPlatforms) = preSolution
		Debug|Any CPU = Debug|Any CPU
		Release|Any CPU = Release|Any CPU
	EndGlobalSection
	GlobalSection(ProjectConfigurationPlatforms) = postSolution
		{95371DD0-A6EF-4496-BB71-FE8A8240EFA1}.Debug|Any CPU.ActiveCfg = Debug|Any CPU
		{95371DD0-A6EF-4496-BB71-FE8A8240EFA1}.Debug|Any CPU.Build.0 = Debug|Any CPU
		{95371DD0-A6EF-4496-BB71-FE8A8240EFA1}.Release|Any CPU.ActiveCfg = Release|Any CPU
		{95371DD0-A6EF-4496-BB71-FE8A8240EFA1}.Release|Any CPU.Build.0 = Release|Any CPU
	EndGlobalSection
	GlobalSection(SolutionProperties) = preSolution
		HideSolutionNode = FALSE
	EndGlobalSection
	GlobalSection(ExtensibilityGlobals) = postSolution
		SolutionGuid = {2714A9B7-44C2-44BE-B5B0-1C9BC445747D}
	EndGlobalSection
EndGlobal
